
Microsoft Visual Studio Solution File, Format Version 12.00
# Visual Studio Version 17
VisualStudioVersion = 17.12.35506.116
MinimumVisualStudioVersion = 10.0.40219.1
Project("{FAE04EC0-301F-11D3-BF4B-00C04F79EFBC}") = "Fantasy.Backend", "Fantasy.Backend\Fantasy.Backend.csproj", "{B615FCF8-704D-4BF3-981E-B880D766ED36}"
EndProject
Project("{FAE04EC0-301F-11D3-BF4B-00C04F79EFBC}") = "Fantasy.Frontend", "Fantasy.Frontend\Fantasy.Frontend.csproj", "{1D6F0597-B1BE-4D6C-9E03-57C940CB84BD}"
EndProject
Project("{FAE04EC0-301F-11D3-BF4B-00C04F79EFBC}") = "Fantasy.Shared", "Fantasy.Shared\Fantasy.Shared.csproj", "{06ABE32A-FE50-475A-9F5C-595436760CAE}"
EndProject
Project("{FAE04EC0-301F-11D3-BF4B-00C04F79EFBC}") = "fantasy.Tests", "fantasy.Tests\fantasy.Tests.csproj", "{4353BD44-8C86-4837-A6B2-7425FC568416}"
EndProject
Global
	GlobalSection(SolutionConfigurationPlatforms) = preSolution
		Debug|Any CPU = Debug|Any CPU
		Release|Any CPU = Release|Any CPU
	EndGlobalSection
	GlobalSection(ProjectConfigurationPlatforms) = postSolution
		{B615FCF8-704D-4BF3-981E-B880D766ED36}.Debug|Any CPU.ActiveCfg = Debug|Any CPU
		{B615FCF8-704D-4BF3-981E-B880D766ED36}.Debug|Any CPU.Build.0 = Debug|Any CPU
		{B615FCF8-704D-4BF3-981E-B880D766ED36}.Release|Any CPU.ActiveCfg = Release|Any CPU
		{B615FCF8-704D-4BF3-981E-B880D766ED36}.Release|Any CPU.Build.0 = Release|Any CPU
		{1D6F0597-B1BE-4D6C-9E03-57C940CB84BD}.Debug|Any CPU.ActiveCfg = Debug|Any CPU
		{1D6F0597-B1BE-4D6C-9E03-57C940CB84BD}.Debug|Any CPU.Build.0 = Debug|Any CPU
		{1D6F0597-B1BE-4D6C-9E03-57C940CB84BD}.Release|Any CPU.ActiveCfg = Release|Any CPU
		{1D6F0597-B1BE-4D6C-9E03-57C940CB84BD}.Release|Any CPU.Build.0 = Release|Any CPU
		{06ABE32A-FE50-475A-9F5C-595436760CAE}.Debug|Any CPU.ActiveCfg = Debug|Any CPU
		{06ABE32A-FE50-475A-9F5C-595436760CAE}.Debug|Any CPU.Build.0 = Debug|Any CPU
		{06ABE32A-FE50-475A-9F5C-595436760CAE}.Release|Any CPU.ActiveCfg = Release|Any CPU
		{06ABE32A-FE50-475A-9F5C-595436760CAE}.Release|Any CPU.Build.0 = Release|Any CPU
		{4353BD44-8C86-4837-A6B2-7425FC568416}.Debug|Any CPU.ActiveCfg = Debug|Any CPU
		{4353BD44-8C86-4837-A6B2-7425FC568416}.Debug|Any CPU.Build.0 = Debug|Any CPU
		{4353BD44-8C86-4837-A6B2-7425FC568416}.Release|Any CPU.ActiveCfg = Release|Any CPU
		{4353BD44-8C86-4837-A6B2-7425FC568416}.Release|Any CPU.Build.0 = Release|Any CPU
	EndGlobalSection
	GlobalSection(SolutionProperties) = preSolution
		HideSolutionNode = FALSE
	EndGlobalSection
EndGlobal
